
Microsoft Visual Studio Solution File, Format Version 12.00
# Visual Studio Version 17
VisualStudioVersion = 17.11.35222.181
MinimumVisualStudioVersion = 10.0.40219.1
Project("{FAE04EC0-301F-11D3-BF4B-00C04F79EFBC}") = "EnesFidanAssignment2", "EnesFidanAssignment2\EnesFidanAssignment2.csproj", "{83A221E3-EBC1-4EDD-8FCD-B45378CA5052}"
EndProject
Global
	GlobalSection(SolutionConfigurationPlatforms) = preSolution
		Debug|Any CPU = Debug|Any CPU
		Release|Any CPU = Release|Any CPU
	EndGlobalSection
	GlobalSection(ProjectConfigurationPlatforms) = postSolution
		{83A221E3-EBC1-4EDD-8FCD-B45378CA5052}.Debug|Any CPU.ActiveCfg = Debug|Any CPU
		{83A221E3-EBC1-4EDD-8FCD-B45378CA5052}.Debug|Any CPU.Build.0 = Debug|Any CPU
		{83A221E3-EBC1-4EDD-8FCD-B45378CA5052}.Release|Any CPU.ActiveCfg = Release|Any CPU
		{83A221E3-EBC1-4EDD-8FCD-B45378CA5052}.Release|Any CPU.Build.0 = Release|Any CPU
	EndGlobalSection
	GlobalSection(SolutionProperties) = preSolution
		HideSolutionNode = FALSE
	EndGlobalSection
	GlobalSection(ExtensibilityGlobals) = postSolution
		SolutionGuid = {5DF26F8A-4387-4830-9410-82EE99A11407}
	EndGlobalSection
EndGlobal
